// !$*UTF8*$!
{
	archiveVersion = 1;
	classes = {
	};
	objectVersion = 77;
	objects = {

/* Begin PBXBuildFile section */
		0281A81A4ABE53247CFB8FFC /* PrivacyInfo.xcprivacy in Resources */ = {isa = PBXBuildFile; fileRef = 992B4C3370C6C0E11826751F /* PrivacyInfo.xcprivacy */; };
		06A145E746BB94CE9AAE1A64 /* FormatSection.swift in Sources */ = {isa = PBXBuildFile; fileRef = 4898CDB594322E3BE34C5F98 /* FormatSection.swift */; };
		07F17EF16F50DB02B3C04627 /* TokenProvider.swift in Sources */ = {isa = PBXBuildFile; fileRef = 4EA0FAE13665B4C11439C5A4 /* TokenProvider.swift */; };
		08E91C57C0FE8B82FB795EBD /* BrowseView.swift in Sources */ = {isa = PBXBuildFile; fileRef = EE257CD51DA39AFFD611379A /* BrowseView.swift */; };
		0A645E11214CC45E002A4FFB /* MangaUpdatesClient.swift in Sources */ = {isa = PBXBuildFile; fileRef = 52FCCDD33A78D94B0B5F003C /* MangaUpdatesClient.swift */; };
		104D43D6D9584310D18D22E2 /* CadenceTests.swift in Sources */ = {isa = PBXBuildFile; fileRef = 20668C2667DE9B789068F76B /* CadenceTests.swift */; };
		121D8FA6831DAAB65C196B54 /* LibraryEntry.swift in Sources */ = {isa = PBXBuildFile; fileRef = 4C71542E5868966C685EA32C /* LibraryEntry.swift */; };
		129CD39CF86D2B87374A6DBA /* RootView.swift in Sources */ = {isa = PBXBuildFile; fileRef = 8D7593963422F18CB134D317 /* RootView.swift */; };
		137C347F5DC0E831E5D3F97D /* APIEnvelope.swift in Sources */ = {isa = PBXBuildFile; fileRef = D71C46FF149BB331347BEAA9 /* APIEnvelope.swift */; };
		14C86245A2FFF1449145B702 /* AppDatabase.swift in Sources */ = {isa = PBXBuildFile; fileRef = D8EDE9358BE6F5C26EE4A290 /* AppDatabase.swift */; };
		1621038E6C35ED1642B2F900 /* LinksSection.swift in Sources */ = {isa = PBXBuildFile; fileRef = 8655E5F70D5BC83C78BFB1B6 /* LinksSection.swift */; };
		17423DB0B7630B34E45FF791 /* DisplayTitle.swift in Sources */ = {isa = PBXBuildFile; fileRef = 4639E00D4BFDA90A2F23616B /* DisplayTitle.swift */; };
		1BB993A98D838AF858D9F13C /* StackModel.swift in Sources */ = {isa = PBXBuildFile; fileRef = 66AC80B7959AD108FCFD7FFF /* StackModel.swift */; };
		1FAF9328BFF73ADDFA7163DA /* FormatPreferencesTests.swift in Sources */ = {isa = PBXBuildFile; fileRef = BF595AE01077A9CDAA601BB7 /* FormatPreferencesTests.swift */; };
		21FEA6C477FD95D25064A8CB /* FlowLayout.swift in Sources */ = {isa = PBXBuildFile; fileRef = D2E794403919014DB2D01E20 /* FlowLayout.swift */; };
		22C001130D744941D6B658D2 /* LibraryTests.swift in Sources */ = {isa = PBXBuildFile; fileRef = 9934115A7E74CC9CC2E920D5 /* LibraryTests.swift */; };
		286B4C74D3D45846D41EFE29 /* SearchModel.swift in Sources */ = {isa = PBXBuildFile; fileRef = A29C113686CBB469EF6A3951 /* SearchModel.swift */; };
		287BDBE8D3E059A552D78968 /* LibraryView.swift in Sources */ = {isa = PBXBuildFile; fileRef = CF5A08F69ADFE35168E3EC73 /* LibraryView.swift */; };
		2BFA1DA46A0BA5356E4DC99A /* ShelfStore.swift in Sources */ = {isa = PBXBuildFile; fileRef = 8E9097F42ABA9FEE8097956C /* ShelfStore.swift */; };
		2EAE470F7F27AFD57FCCF6B4 /* SearchAndMixTests.swift in Sources */ = {isa = PBXBuildFile; fileRef = 5EF948E62761E7CFD4F55CB3 /* SearchAndMixTests.swift */; };
		2FA0DF5FFDF1CAEB853A0C2A /* FixtureLoading.swift in Sources */ = {isa = PBXBuildFile; fileRef = 6F15759A5A1518C7E2D5E148 /* FixtureLoading.swift */; };
		34C2E1D9E343AB66E88D6AF5 /* LibraryService.swift in Sources */ = {isa = PBXBuildFile; fileRef = BD9AF71ABDE6B2D1C23C30A4 /* LibraryService.swift */; };
		36B5E92EF048998AE6C4A9ED /* mix.json in Resources */ = {isa = PBXBuildFile; fileRef = 7F8D61B24CD0D96F100A6584 /* mix.json */; };
		36C2DF96E7590664007DA15E /* BlendDNA.swift in Sources */ = {isa = PBXBuildFile; fileRef = BD80FA82C8DB0C1F8B36440D /* BlendDNA.swift */; };
		36EE0D59969208E71A0896B4 /* rising.json in Resources */ = {isa = PBXBuildFile; fileRef = 71998B36D08E3ED54E1F4FCD /* rising.json */; };
		3C02B891276AE0527B71A0F9 /* AppTabBar.swift in Sources */ = {isa = PBXBuildFile; fileRef = F0BD234DA471FEA2438D691E /* AppTabBar.swift */; };
		3C94B283F8FC82FC97CCB9DC /* URLProtocolStub.swift in Sources */ = {isa = PBXBuildFile; fileRef = 7AB259A093AF7EF8B8AD1036 /* URLProtocolStub.swift */; };
		3E01D708FFDD5CB138E6E4C0 /* RateLimitTests.swift in Sources */ = {isa = PBXBuildFile; fileRef = 5698F5863047F965EA299F22 /* RateLimitTests.swift */; };
		419BEF328CDCDDA07952ED80 /* control.json in Resources */ = {isa = PBXBuildFile; fileRef = DA80EE3FE0BAFFD883C3E1CA /* control.json */; };
		4A1A5C78A36C773EBE2306C3 /* Metrics.swift in Sources */ = {isa = PBXBuildFile; fileRef = FE022EC45BBE2B43323AB02D /* Metrics.swift */; };
		4CE146E3B4B756F7CE67B5D5 /* SearchLens.swift in Sources */ = {isa = PBXBuildFile; fileRef = 752C2EA256480712974801AD /* SearchLens.swift */; };
		56F19DE496ED401E2AD60C56 /* library.json in Resources */ = {isa = PBXBuildFile; fileRef = FAFBD039E636AD1D47EAE31A /* library.json */; };
		56F4B26781324528791F6891 /* RateLimitGate.swift in Sources */ = {isa = PBXBuildFile; fileRef = AE4CAD5968791AD6892AD695 /* RateLimitGate.swift */; };
		59B8068276B79D7C21B43A0B /* MixModelTests.swift in Sources */ = {isa = PBXBuildFile; fileRef = E9B75B41390A4AF825B01438 /* MixModelTests.swift */; };
		5C5BB20A74182861CBC281B4 /* SafeLinkTests.swift in Sources */ = {isa = PBXBuildFile; fileRef = 2635D462C8C5D3EA34FC5AD5 /* SafeLinkTests.swift */; };
		5C75B278F66132E75167B74D /* ContentPreferences.swift in Sources */ = {isa = PBXBuildFile; fileRef = E89342FBAEA6069910C8F6E9 /* ContentPreferences.swift */; };
		5E3B3ECB565CC26DABEFADDB /* DiscoverView.swift in Sources */ = {isa = PBXBuildFile; fileRef = 4C5E9C70BAC86AC72398C349 /* DiscoverView.swift */; };
		5E5CD486900B49F08F6549CD /* BlendDNAView.swift in Sources */ = {isa = PBXBuildFile; fileRef = 399518B257BDBF63D3D7AFC3 /* BlendDNAView.swift */; };
		5E9D5DC108E94872417CA54C /* SeriesDetailView.swift in Sources */ = {isa = PBXBuildFile; fileRef = 3B477C4A8ED2D572DEB4DB6F /* SeriesDetailView.swift */; };
		63B339CB5931911276BADACA /* ScheduleModelTests.swift in Sources */ = {isa = PBXBuildFile; fileRef = 65EE5304AC21E3D3FDFCAD34 /* ScheduleModelTests.swift */; };
		657DA998FBBD3BB347DE0B7F /* SeriesRepository.swift in Sources */ = {isa = PBXBuildFile; fileRef = 1DB63DBBD5FA29CDE251ED6F /* SeriesRepository.swift */; };
		666166C2691BA68805DF8078 /* PaginationTests.swift in Sources */ = {isa = PBXBuildFile; fileRef = 53AA072C03A0C7369887770B /* PaginationTests.swift */; };
		67787494CB9240C6F73BFC67 /* AccessibilityTests.swift in Sources */ = {isa = PBXBuildFile; fileRef = 7A1CB792D5E4AB8330A0F591 /* AccessibilityTests.swift */; };
		68115826927524E3AF228C58 /* APIErrorPresentationTests.swift in Sources */ = {isa = PBXBuildFile; fileRef = AF1D9EA1F3939E7C7446C07E /* APIErrorPresentationTests.swift */; };
		6F91F7BEA60D38535C99EF57 /* MangaBakaApp.swift in Sources */ = {isa = PBXBuildFile; fileRef = 9E8790B3C22A16713DE2D677 /* MangaBakaApp.swift */; };
		6FF0EDF562F8868FB08D4813 /* RecommendationQualityTests.swift in Sources */ = {isa = PBXBuildFile; fileRef = C3281DBC76CB8D1200495919 /* RecommendationQualityTests.swift */; };
		759BC9C9777FA5601F05A021 /* ResultsEnvelope.swift in Sources */ = {isa = PBXBuildFile; fileRef = BB59EF6E9F6BAFBB79F5BC68 /* ResultsEnvelope.swift */; };
		75A8D0061B5A643927B9A778 /* SeriesDecodingTests.swift in Sources */ = {isa = PBXBuildFile; fileRef = 1FCE8ED9E1CBA46CA151CAA3 /* SeriesDecodingTests.swift */; };
		7947CAE0277ECA105C9F00D4 /* CachedSeries.swift in Sources */ = {isa = PBXBuildFile; fileRef = 602EA6151855A477E1E7766B /* CachedSeries.swift */; };
		7A987A3AF44B426997FA5891 /* APIClientTests.swift in Sources */ = {isa = PBXBuildFile; fileRef = 59A568F72990CB4BDB3E9056 /* APIClientTests.swift */; };
		7C57A22D6C3165B034A9541C /* APIError.swift in Sources */ = {isa = PBXBuildFile; fileRef = 9A8062597275E0B6DC97413D /* APIError.swift */; };
		7D780404FC308E7601768023 /* ContentPreferencesTests.swift in Sources */ = {isa = PBXBuildFile; fileRef = 14EE38018284B8A8CE0EF516 /* ContentPreferencesTests.swift */; };
		7E6F50ABE110986FD1E83529 /* SeriesExtrasTests.swift in Sources */ = {isa = PBXBuildFile; fileRef = D9A8619A97BD3D79D30DB90B /* SeriesExtrasTests.swift */; };
		8001BF5D2AECCA2FC1AB2831 /* SectionHeader.swift in Sources */ = {isa = PBXBuildFile; fileRef = E857F687662541E0D139B80D /* SectionHeader.swift */; };
		8467A73E5536C434ED9FF802 /* PresentationTests.swift in Sources */ = {isa = PBXBuildFile; fileRef = 819CBCA7CC77592406630D74 /* PresentationTests.swift */; };
		85056A26FF6DE8B6D5266F4B /* BrowseModelTests.swift in Sources */ = {isa = PBXBuildFile; fileRef = F4AF1E2E22F461E340D4EC53 /* BrowseModelTests.swift */; };
		857862DC0210190C43AFD46B /* Glass.swift in Sources */ = {isa = PBXBuildFile; fileRef = EF224B95D6171608E734DE78 /* Glass.swift */; };
		86E1990D718C30A2BC72ACDF /* ScheduleModel.swift in Sources */ = {isa = PBXBuildFile; fileRef = BFD24471895746757C3BCFCF /* ScheduleModel.swift */; };
		89616BE16C7EB690A1292326 /* LibraryModelTests.swift in Sources */ = {isa = PBXBuildFile; fileRef = 657A52EB92EF36BCF2CA0380 /* LibraryModelTests.swift */; };
		921DBEB63FED7F72BA3AB287 /* BrowseModel.swift in Sources */ = {isa = PBXBuildFile; fileRef = DC42EC577D0B00F110637E3C /* BrowseModel.swift */; };
		94361F7A09FF2CC5602F116A /* GRDB in Frameworks */ = {isa = PBXBuildFile; productRef = 6D13144E0F22A479D2873FDA /* GRDB */; };
		9546356837D0995EFFD6A534 /* ReleaseSchedule.swift in Sources */ = {isa = PBXBuildFile; fileRef = 3BF9FF4C8FA8E99AD6AA2588 /* ReleaseSchedule.swift */; };
		98731D006DCABF3074A98475 /* Series.swift in Sources */ = {isa = PBXBuildFile; fileRef = 4206810500D4CA99B1B9CC9E /* Series.swift */; };
		9D922E999D8D23FB7D5688B2 /* Cadence.swift in Sources */ = {isa = PBXBuildFile; fileRef = 4FA2B5E732EF37AD173FBB7D /* Cadence.swift */; };
		9E0EF465EFE9657F7494BB3A /* ScheduleRow.swift in Sources */ = {isa = PBXBuildFile; fileRef = E34EA181BB806A56A047B665 /* ScheduleRow.swift */; };
		A2D9F1FA7D1D7736FB8583D7 /* SearchModelTests.swift in Sources */ = {isa = PBXBuildFile; fileRef = F491AA914115AD5A1FC2C79A /* SearchModelTests.swift */; };
		A8659ACF60C76A9DAA516D76 /* CatalogueService.swift in Sources */ = {isa = PBXBuildFile; fileRef = 2EF18F3A268222AE0C0BE45E /* CatalogueService.swift */; };
		AC45DC2BE230ED03993C3064 /* Profile.swift in Sources */ = {isa = PBXBuildFile; fileRef = FA4D1799EDF9EFD24E6F8135 /* Profile.swift */; };
		ADF59B85F5F0ABB7F0049AA8 /* SecurityTests.swift in Sources */ = {isa = PBXBuildFile; fileRef = 427FE3E6E3A09701E3A650D1 /* SecurityTests.swift */; };
		AECABA28AD89560B5F3FD87D /* MixResults.swift in Sources */ = {isa = PBXBuildFile; fileRef = 286B3C32F117C6F816A32146 /* MixResults.swift */; };
		AFF60E09E5ADF1BEAED2BC2B /* LibraryDecodingTests.swift in Sources */ = {isa = PBXBuildFile; fileRef = 0EB111B7058059988CEB401B /* LibraryDecodingTests.swift */; };
		B26A26C9E2D20C07F7E0F4DC /* SearchView.swift in Sources */ = {isa = PBXBuildFile; fileRef = 7E978571AF4482B798D589CC /* SearchView.swift */; };
		B349908000DB532CA712EA5F /* BlurHashCache.swift in Sources */ = {isa = PBXBuildFile; fileRef = F33D33D9B86DA76ACDA606D9 /* BlurHashCache.swift */; };
		B372A2E1C17161C7F07ADC43 /* Assets.xcassets in Resources */ = {isa = PBXBuildFile; fileRef = 04AD7D515B0213C308B00D73 /* Assets.xcassets */; };
		B42A23A109FE2A4D826724C0 /* FailureState.swift in Sources */ = {isa = PBXBuildFile; fileRef = 973428306988EF58297A58B3 /* FailureState.swift */; };
		B4ED512329A04B8F5CDAEDD7 /* Catalogue.swift in Sources */ = {isa = PBXBuildFile; fileRef = F4CFA35A27F63B91EEB09180 /* Catalogue.swift */; };
		B72756445980F083663658AA /* StackView.swift in Sources */ = {isa = PBXBuildFile; fileRef = C17FEBF52EDDF5C6DAE7F64B /* StackView.swift */; };
		B86AA386D2383D77D26D92ED /* SeriesExtras.swift in Sources */ = {isa = PBXBuildFile; fileRef = 278CC836F95E07E924593395 /* SeriesExtras.swift */; };
		B8EBCA8DAAEF29E50F74D9FC /* CoverTests.swift in Sources */ = {isa = PBXBuildFile; fileRef = C99014FFFB9D8B7223D1E11C /* CoverTests.swift */; };
		B91A25F847578C571F45BE74 /* SeriesRepositoryTests.swift in Sources */ = {isa = PBXBuildFile; fileRef = ECDC6890749C1997497BEE11 /* SeriesRepositoryTests.swift */; };
		BB9438EBF2D65EAAA5E1A490 /* LibraryModel.swift in Sources */ = {isa = PBXBuildFile; fileRef = 282CA4044C57A0AA55C5E5FB /* LibraryModel.swift */; };
		BBCCAFCCFA632BAAD3AC3037 /* Clock.swift in Sources */ = {isa = PBXBuildFile; fileRef = 70F057AE4B84F66D91691CEB /* Clock.swift */; };
		BCF1A4D4EDC07975D007EC2C /* ScheduleView.swift in Sources */ = {isa = PBXBuildFile; fileRef = 7C24548E1E0D65E3BD4C3580 /* ScheduleView.swift */; };
		BD1148DFCD8AEE8AD1A8310C /* MixView.swift in Sources */ = {isa = PBXBuildFile; fileRef = A22817C9052D0B841A45EF46 /* MixView.swift */; };
		BF40A682F59A9B0B0703E81F /* MangaUpdatesID.swift in Sources */ = {isa = PBXBuildFile; fileRef = 7BA84B4299E28390AD030CAD /* MangaUpdatesID.swift */; };
		C39302C14E489C7F5CF4C78D /* Palette.swift in Sources */ = {isa = PBXBuildFile; fileRef = 3F5D04922A2C422FF4312264 /* Palette.swift */; };
		C52D86F53A03486BBF37B0AE /* DisplayTitleTests.swift in Sources */ = {isa = PBXBuildFile; fileRef = 9FDF0A3AE179F1D34BFD5528 /* DisplayTitleTests.swift */; };
		C842EE3ACBBE8460529055B4 /* Cover.swift in Sources */ = {isa = PBXBuildFile; fileRef = 3440196B7B97089F879464B5 /* Cover.swift */; };
		C9EF0551F00248CEFE4FA7B3 /* APIClient.swift in Sources */ = {isa = PBXBuildFile; fileRef = CE087391B9F524F4BCFEAE1A /* APIClient.swift */; };
		CA630D9DA3BA2C6F59016D15 /* SeriesTitle.swift in Sources */ = {isa = PBXBuildFile; fileRef = 1F995CD0464E8C04EF8D4401 /* SeriesTitle.swift */; };
		D02E1EF70159B5C3E2D2005B /* CoverImage.swift in Sources */ = {isa = PBXBuildFile; fileRef = 530B5C869E932A5DF2238597 /* CoverImage.swift */; };
		D1182AEB5F0978D4B99E6FF2 /* SettingsView.swift in Sources */ = {isa = PBXBuildFile; fileRef = F8CC22DB71325A13487F465B /* SettingsView.swift */; };
		D1D0F28FC7C800A922D97D2F /* BlurHash.swift in Sources */ = {isa = PBXBuildFile; fileRef = 2D648EE726DC62C9A5E1C80E /* BlurHash.swift */; };
		D1DBB836A67E6071D7F2122D /* DiscoverModel.swift in Sources */ = {isa = PBXBuildFile; fileRef = 7A88E5CDA1D68F1872D2A150 /* DiscoverModel.swift */; };
		D7175152ED07C74D5BE05D3D /* CoverLayoutTests.swift in Sources */ = {isa = PBXBuildFile; fileRef = FAD591CE7A28AE2A62A1086B /* CoverLayoutTests.swift */; };
		D7BB799564E52E6E814831F8 /* TokenStore.swift in Sources */ = {isa = PBXBuildFile; fileRef = CDCBF5D620B264CE3642E9F9 /* TokenStore.swift */; };
		D84B75E1AA8C7B233A63FF52 /* SeriesFactory.swift in Sources */ = {isa = PBXBuildFile; fileRef = 64EED0A0A3A05647D2445F70 /* SeriesFactory.swift */; };
		DB639DB55378A1D95799A40C /* FormatPreferences.swift in Sources */ = {isa = PBXBuildFile; fileRef = A41B78E9BC45F46C39BABCE7 /* FormatPreferences.swift */; };
		DF9B62750FA0D1206C79662E /* Typography.swift in Sources */ = {isa = PBXBuildFile; fileRef = 20330A856CAA2475C0B1C392 /* Typography.swift */; };
		E0686B09027F676E2D889540 /* ShelfDetailView.swift in Sources */ = {isa = PBXBuildFile; fileRef = 8DABEF481B90078120854DE1 /* ShelfDetailView.swift */; };
		E13E7297E0BCA823074FC920 /* StackSections.swift in Sources */ = {isa = PBXBuildFile; fileRef = 2AE431E64B0087435EC511EF /* StackSections.swift */; };
		E30F00A5B893F7CD6D2189F3 /* SurpriseAndStackTests.swift in Sources */ = {isa = PBXBuildFile; fileRef = 7DE5A9E7DDC428AB083B28B0 /* SurpriseAndStackTests.swift */; };
		E38CBB00B6B725DFDC509FE6 /* APIShapeContractTests.swift in Sources */ = {isa = PBXBuildFile; fileRef = 5AA7827799CD364196381C9C /* APIShapeContractTests.swift */; };
		E660C1970FF471564D6F9700 /* SourceTree.swift in Sources */ = {isa = PBXBuildFile; fileRef = 45FF467BEFD81175BFF95FDB /* SourceTree.swift */; };
		E9C082F0B780450E23C5BF86 /* RequestBudgetTests.swift in Sources */ = {isa = PBXBuildFile; fileRef = 34B45FF8662C3905B86528A1 /* RequestBudgetTests.swift */; };
		ED00F93A37DFF0D2B9FF596D /* CatalogueTests.swift in Sources */ = {isa = PBXBuildFile; fileRef = 41ECF7D63843DAAF9E6030D4 /* CatalogueTests.swift */; };
		F36E3452DFDD3B0F873C8F17 /* Recommendation.swift in Sources */ = {isa = PBXBuildFile; fileRef = D7C6BF62D4109C171EC07945 /* Recommendation.swift */; };
		F6953E1E4C6AA0B7D585ED6F /* BlurHashTests.swift in Sources */ = {isa = PBXBuildFile; fileRef = 45258C08149205EE5C59A6D4 /* BlurHashTests.swift */; };
		FE9D48BF6F8F6C94A61BB78F /* MixModel.swift in Sources */ = {isa = PBXBuildFile; fileRef = 04EB62C466EA9D205CAF1E43 /* MixModel.swift */; };
/* End PBXBuildFile section */

/* Begin PBXContainerItemProxy section */
		948002B494EA981835D84292 /* PBXContainerItemProxy */ = {
			isa = PBXContainerItemProxy;
			containerPortal = 5BC8B5608F4EF21D2EB7EF42 /* Project object */;
			proxyType = 1;
			remoteGlobalIDString = 9DC498596D253759DE9847E7;
			remoteInfo = MangaBaka;
		};
/* End PBXContainerItemProxy section */

/* Begin PBXFileReference section */
		04AD7D515B0213C308B00D73 /* Assets.xcassets */ = {isa = PBXFileReference; lastKnownFileType = folder.assetcatalog; path = Assets.xcassets; sourceTree = "<group>"; };
		04EB62C466EA9D205CAF1E43 /* MixModel.swift */ = {isa = PBXFileReference; lastKnownFileType = sourcecode.swift; path = MixModel.swift; sourceTree = "<group>"; };
		0EB111B7058059988CEB401B /* LibraryDecodingTests.swift */ = {isa = PBXFileReference; lastKnownFileType = sourcecode.swift; path = LibraryDecodingTests.swift; sourceTree = "<group>"; };
		14EE38018284B8A8CE0EF516 /* ContentPreferencesTests.swift */ = {isa = PBXFileReference; lastKnownFileType = sourcecode.swift; path = ContentPreferencesTests.swift; sourceTree = "<group>"; };
		1DB63DBBD5FA29CDE251ED6F /* SeriesRepository.swift */ = {isa = PBXFileReference; lastKnownFileType = sourcecode.swift; path = SeriesRepository.swift; sourceTree = "<group>"; };
		1F995CD0464E8C04EF8D4401 /* SeriesTitle.swift */ = {isa = PBXFileReference; lastKnownFileType = sourcecode.swift; path = SeriesTitle.swift; sourceTree = "<group>"; };
		1FCE8ED9E1CBA46CA151CAA3 /* SeriesDecodingTests.swift */ = {isa = PBXFileReference; lastKnownFileType = sourcecode.swift; path = SeriesDecodingTests.swift; sourceTree = "<group>"; };
		20330A856CAA2475C0B1C392 /* Typography.swift */ = {isa = PBXFileReference; lastKnownFileType = sourcecode.swift; path = Typography.swift; sourceTree = "<group>"; };
		20668C2667DE9B789068F76B /* CadenceTests.swift */ = {isa = PBXFileReference; lastKnownFileType = sourcecode.swift; path = CadenceTests.swift; sourceTree = "<group>"; };
		2635D462C8C5D3EA34FC5AD5 /* SafeLinkTests.swift */ = {isa = PBXFileReference; lastKnownFileType = sourcecode.swift; path = SafeLinkTests.swift; sourceTree = "<group>"; };
		278CC836F95E07E924593395 /* SeriesExtras.swift */ = {isa = PBXFileReference; lastKnownFileType = sourcecode.swift; path = SeriesExtras.swift; sourceTree = "<group>"; };
		282CA4044C57A0AA55C5E5FB /* LibraryModel.swift */ = {isa = PBXFileReference; lastKnownFileType = sourcecode.swift; path = LibraryModel.swift; sourceTree = "<group>"; };
		286B3C32F117C6F816A32146 /* MixResults.swift */ = {isa = PBXFileReference; lastKnownFileType = sourcecode.swift; path = MixResults.swift; sourceTree = "<group>"; };
		2AE431E64B0087435EC511EF /* StackSections.swift */ = {isa = PBXFileReference; lastKnownFileType = sourcecode.swift; path = StackSections.swift; sourceTree = "<group>"; };
		2D648EE726DC62C9A5E1C80E /* BlurHash.swift */ = {isa = PBXFileReference; lastKnownFileType = sourcecode.swift; path = BlurHash.swift; sourceTree = "<group>"; };
		2D8299C7A8EFA18511A4FA97 /* MangaBaka.app */ = {isa = PBXFileReference; includeInIndex = 0; lastKnownFileType = wrapper.application; path = MangaBaka.app; sourceTree = BUILT_PRODUCTS_DIR; };
		2EF18F3A268222AE0C0BE45E /* CatalogueService.swift */ = {isa = PBXFileReference; lastKnownFileType = sourcecode.swift; path = CatalogueService.swift; sourceTree = "<group>"; };
		3440196B7B97089F879464B5 /* Cover.swift */ = {isa = PBXFileReference; lastKnownFileType = sourcecode.swift; path = Cover.swift; sourceTree = "<group>"; };
		34B45FF8662C3905B86528A1 /* RequestBudgetTests.swift */ = {isa = PBXFileReference; lastKnownFileType = sourcecode.swift; path = RequestBudgetTests.swift; sourceTree = "<group>"; };
		399518B257BDBF63D3D7AFC3 /* BlendDNAView.swift */ = {isa = PBXFileReference; lastKnownFileType = sourcecode.swift; path = BlendDNAView.swift; sourceTree = "<group>"; };
		3B477C4A8ED2D572DEB4DB6F /* SeriesDetailView.swift */ = {isa = PBXFileReference; lastKnownFileType = sourcecode.swift; path = SeriesDetailView.swift; sourceTree = "<group>"; };
		3BF9FF4C8FA8E99AD6AA2588 /* ReleaseSchedule.swift */ = {isa = PBXFileReference; lastKnownFileType = sourcecode.swift; path = ReleaseSchedule.swift; sourceTree = "<group>"; };
		3F5D04922A2C422FF4312264 /* Palette.swift */ = {isa = PBXFileReference; lastKnownFileType = sourcecode.swift; path = Palette.swift; sourceTree = "<group>"; };
		41ECF7D63843DAAF9E6030D4 /* CatalogueTests.swift */ = {isa = PBXFileReference; lastKnownFileType = sourcecode.swift; path = CatalogueTests.swift; sourceTree = "<group>"; };
		4206810500D4CA99B1B9CC9E /* Series.swift */ = {isa = PBXFileReference; lastKnownFileType = sourcecode.swift; path = Series.swift; sourceTree = "<group>"; };
		427FE3E6E3A09701E3A650D1 /* SecurityTests.swift */ = {isa = PBXFileReference; lastKnownFileType = sourcecode.swift; path = SecurityTests.swift; sourceTree = "<group>"; };
		45258C08149205EE5C59A6D4 /* BlurHashTests.swift */ = {isa = PBXFileReference; lastKnownFileType = sourcecode.swift; path = BlurHashTests.swift; sourceTree = "<group>"; };
		45FF467BEFD81175BFF95FDB /* SourceTree.swift */ = {isa = PBXFileReference; lastKnownFileType = sourcecode.swift; path = SourceTree.swift; sourceTree = "<group>"; };
		4639E00D4BFDA90A2F23616B /* DisplayTitle.swift */ = {isa = PBXFileReference; lastKnownFileType = sourcecode.swift; path = DisplayTitle.swift; sourceTree = "<group>"; };
		4898CDB594322E3BE34C5F98 /* FormatSection.swift */ = {isa = PBXFileReference; lastKnownFileType = sourcecode.swift; path = FormatSection.swift; sourceTree = "<group>"; };
		4C5E9C70BAC86AC72398C349 /* DiscoverView.swift */ = {isa = PBXFileReference; lastKnownFileType = sourcecode.swift; path = DiscoverView.swift; sourceTree = "<group>"; };
		4C71542E5868966C685EA32C /* LibraryEntry.swift */ = {isa = PBXFileReference; lastKnownFileType = sourcecode.swift; path = LibraryEntry.swift; sourceTree = "<group>"; };
		4EA0FAE13665B4C11439C5A4 /* TokenProvider.swift */ = {isa = PBXFileReference; lastKnownFileType = sourcecode.swift; path = TokenProvider.swift; sourceTree = "<group>"; };
		4FA2B5E732EF37AD173FBB7D /* Cadence.swift */ = {isa = PBXFileReference; lastKnownFileType = sourcecode.swift; path = Cadence.swift; sourceTree = "<group>"; };
		52FCCDD33A78D94B0B5F003C /* MangaUpdatesClient.swift */ = {isa = PBXFileReference; lastKnownFileType = sourcecode.swift; path = MangaUpdatesClient.swift; sourceTree = "<group>"; };
		530B5C869E932A5DF2238597 /* CoverImage.swift */ = {isa = PBXFileReference; lastKnownFileType = sourcecode.swift; path = CoverImage.swift; sourceTree = "<group>"; };
		53AA072C03A0C7369887770B /* PaginationTests.swift */ = {isa = PBXFileReference; lastKnownFileType = sourcecode.swift; path = PaginationTests.swift; sourceTree = "<group>"; };
		5698F5863047F965EA299F22 /* RateLimitTests.swift */ = {isa = PBXFileReference; lastKnownFileType = sourcecode.swift; path = RateLimitTests.swift; sourceTree = "<group>"; };
		59A568F72990CB4BDB3E9056 /* APIClientTests.swift */ = {isa = PBXFileReference; lastKnownFileType = sourcecode.swift; path = APIClientTests.swift; sourceTree = "<group>"; };
		5AA7827799CD364196381C9C /* APIShapeContractTests.swift */ = {isa = PBXFileReference; lastKnownFileType = sourcecode.swift; path = APIShapeContractTests.swift; sourceTree = "<group>"; };
		5EF948E62761E7CFD4F55CB3 /* SearchAndMixTests.swift */ = {isa = PBXFileReference; lastKnownFileType = sourcecode.swift; path = SearchAndMixTests.swift; sourceTree = "<group>"; };
		602EA6151855A477E1E7766B /* CachedSeries.swift */ = {isa = PBXFileReference; lastKnownFileType = sourcecode.swift; path = CachedSeries.swift; sourceTree = "<group>"; };
		64EED0A0A3A05647D2445F70 /* SeriesFactory.swift */ = {isa = PBXFileReference; lastKnownFileType = sourcecode.swift; path = SeriesFactory.swift; sourceTree = "<group>"; };
		657A52EB92EF36BCF2CA0380 /* LibraryModelTests.swift */ = {isa = PBXFileReference; lastKnownFileType = sourcecode.swift; path = LibraryModelTests.swift; sourceTree = "<group>"; };
		65EE5304AC21E3D3FDFCAD34 /* ScheduleModelTests.swift */ = {isa = PBXFileReference; lastKnownFileType = sourcecode.swift; path = ScheduleModelTests.swift; sourceTree = "<group>"; };
		66AC80B7959AD108FCFD7FFF /* StackModel.swift */ = {isa = PBXFileReference; lastKnownFileType = sourcecode.swift; path = StackModel.swift; sourceTree = "<group>"; };
		6F15759A5A1518C7E2D5E148 /* FixtureLoading.swift */ = {isa = PBXFileReference; lastKnownFileType = sourcecode.swift; path = FixtureLoading.swift; sourceTree = "<group>"; };
		70F057AE4B84F66D91691CEB /* Clock.swift */ = {isa = PBXFileReference; lastKnownFileType = sourcecode.swift; path = Clock.swift; sourceTree = "<group>"; };
		71998B36D08E3ED54E1F4FCD /* rising.json */ = {isa = PBXFileReference; lastKnownFileType = text.json; path = rising.json; sourceTree = "<group>"; };
		752C2EA256480712974801AD /* SearchLens.swift */ = {isa = PBXFileReference; lastKnownFileType = sourcecode.swift; path = SearchLens.swift; sourceTree = "<group>"; };
		7A1CB792D5E4AB8330A0F591 /* AccessibilityTests.swift */ = {isa = PBXFileReference; lastKnownFileType = sourcecode.swift; path = AccessibilityTests.swift; sourceTree = "<group>"; };
		7A88E5CDA1D68F1872D2A150 /* DiscoverModel.swift */ = {isa = PBXFileReference; lastKnownFileType = sourcecode.swift; path = DiscoverModel.swift; sourceTree = "<group>"; };
		7AB259A093AF7EF8B8AD1036 /* URLProtocolStub.swift */ = {isa = PBXFileReference; lastKnownFileType = sourcecode.swift; path = URLProtocolStub.swift; sourceTree = "<group>"; };
		7BA84B4299E28390AD030CAD /* MangaUpdatesID.swift */ = {isa = PBXFileReference; lastKnownFileType = sourcecode.swift; path = MangaUpdatesID.swift; sourceTree = "<group>"; };
		7C24548E1E0D65E3BD4C3580 /* ScheduleView.swift */ = {isa = PBXFileReference; lastKnownFileType = sourcecode.swift; path = ScheduleView.swift; sourceTree = "<group>"; };
		7DE5A9E7DDC428AB083B28B0 /* SurpriseAndStackTests.swift */ = {isa = PBXFileReference; lastKnownFileType = sourcecode.swift; path = SurpriseAndStackTests.swift; sourceTree = "<group>"; };
		7E978571AF4482B798D589CC /* SearchView.swift */ = {isa = PBXFileReference; lastKnownFileType = sourcecode.swift; path = SearchView.swift; sourceTree = "<group>"; };
		7F8D61B24CD0D96F100A6584 /* mix.json */ = {isa = PBXFileReference; lastKnownFileType = text.json; path = mix.json; sourceTree = "<group>"; };
		819CBCA7CC77592406630D74 /* PresentationTests.swift */ = {isa = PBXFileReference; lastKnownFileType = sourcecode.swift; path = PresentationTests.swift; sourceTree = "<group>"; };
		8655E5F70D5BC83C78BFB1B6 /* LinksSection.swift */ = {isa = PBXFileReference; lastKnownFileType = sourcecode.swift; path = LinksSection.swift; sourceTree = "<group>"; };
		89A3F36BE4913A5F397493A2 /* MangaBakaTests.xctest */ = {isa = PBXFileReference; includeInIndex = 0; lastKnownFileType = wrapper.cfbundle; path = MangaBakaTests.xctest; sourceTree = BUILT_PRODUCTS_DIR; };
		8D7593963422F18CB134D317 /* RootView.swift */ = {isa = PBXFileReference; lastKnownFileType = sourcecode.swift; path = RootView.swift; sourceTree = "<group>"; };
		8DABEF481B90078120854DE1 /* ShelfDetailView.swift */ = {isa = PBXFileReference; lastKnownFileType = sourcecode.swift; path = ShelfDetailView.swift; sourceTree = "<group>"; };
		8E9097F42ABA9FEE8097956C /* ShelfStore.swift */ = {isa = PBXFileReference; lastKnownFileType = sourcecode.swift; path = ShelfStore.swift; sourceTree = "<group>"; };
		95D4717B378792F9D1AACD67 /* Debug.xcconfig */ = {isa = PBXFileReference; lastKnownFileType = text.xcconfig; path = Debug.xcconfig; sourceTree = "<group>"; };
		973428306988EF58297A58B3 /* FailureState.swift */ = {isa = PBXFileReference; lastKnownFileType = sourcecode.swift; path = FailureState.swift; sourceTree = "<group>"; };
		992B4C3370C6C0E11826751F /* PrivacyInfo.xcprivacy */ = {isa = PBXFileReference; path = PrivacyInfo.xcprivacy; sourceTree = "<group>"; };
		9934115A7E74CC9CC2E920D5 /* LibraryTests.swift */ = {isa = PBXFileReference; lastKnownFileType = sourcecode.swift; path = LibraryTests.swift; sourceTree = "<group>"; };
		9A8062597275E0B6DC97413D /* APIError.swift */ = {isa = PBXFileReference; lastKnownFileType = sourcecode.swift; path = APIError.swift; sourceTree = "<group>"; };
		9C68EE1F8DFE37D05CDEE001 /* Release.xcconfig */ = {isa = PBXFileReference; lastKnownFileType = text.xcconfig; path = Release.xcconfig; sourceTree = "<group>"; };
		9E8790B3C22A16713DE2D677 /* MangaBakaApp.swift */ = {isa = PBXFileReference; lastKnownFileType = sourcecode.swift; path = MangaBakaApp.swift; sourceTree = "<group>"; };
		9FDF0A3AE179F1D34BFD5528 /* DisplayTitleTests.swift */ = {isa = PBXFileReference; lastKnownFileType = sourcecode.swift; path = DisplayTitleTests.swift; sourceTree = "<group>"; };
		A22817C9052D0B841A45EF46 /* MixView.swift */ = {isa = PBXFileReference; lastKnownFileType = sourcecode.swift; path = MixView.swift; sourceTree = "<group>"; };
		A29C113686CBB469EF6A3951 /* SearchModel.swift */ = {isa = PBXFileReference; lastKnownFileType = sourcecode.swift; path = SearchModel.swift; sourceTree = "<group>"; };
		A41B78E9BC45F46C39BABCE7 /* FormatPreferences.swift */ = {isa = PBXFileReference; lastKnownFileType = sourcecode.swift; path = FormatPreferences.swift; sourceTree = "<group>"; };
		AE4CAD5968791AD6892AD695 /* RateLimitGate.swift */ = {isa = PBXFileReference; lastKnownFileType = sourcecode.swift; path = RateLimitGate.swift; sourceTree = "<group>"; };
		AF1D9EA1F3939E7C7446C07E /* APIErrorPresentationTests.swift */ = {isa = PBXFileReference; lastKnownFileType = sourcecode.swift; path = APIErrorPresentationTests.swift; sourceTree = "<group>"; };
		BB59EF6E9F6BAFBB79F5BC68 /* ResultsEnvelope.swift */ = {isa = PBXFileReference; lastKnownFileType = sourcecode.swift; path = ResultsEnvelope.swift; sourceTree = "<group>"; };
		BD80FA82C8DB0C1F8B36440D /* BlendDNA.swift */ = {isa = PBXFileReference; lastKnownFileType = sourcecode.swift; path = BlendDNA.swift; sourceTree = "<group>"; };
		BD9AF71ABDE6B2D1C23C30A4 /* LibraryService.swift */ = {isa = PBXFileReference; lastKnownFileType = sourcecode.swift; path = LibraryService.swift; sourceTree = "<group>"; };
		BF595AE01077A9CDAA601BB7 /* FormatPreferencesTests.swift */ = {isa = PBXFileReference; lastKnownFileType = sourcecode.swift; path = FormatPreferencesTests.swift; sourceTree = "<group>"; };
		BFD24471895746757C3BCFCF /* ScheduleModel.swift */ = {isa = PBXFileReference; lastKnownFileType = sourcecode.swift; path = ScheduleModel.swift; sourceTree = "<group>"; };
		C17FEBF52EDDF5C6DAE7F64B /* StackView.swift */ = {isa = PBXFileReference; lastKnownFileType = sourcecode.swift; path = StackView.swift; sourceTree = "<group>"; };
		C3281DBC76CB8D1200495919 /* RecommendationQualityTests.swift */ = {isa = PBXFileReference; lastKnownFileType = sourcecode.swift; path = RecommendationQualityTests.swift; sourceTree = "<group>"; };
		C99014FFFB9D8B7223D1E11C /* CoverTests.swift */ = {isa = PBXFileReference; lastKnownFileType = sourcecode.swift; path = CoverTests.swift; sourceTree = "<group>"; };
		CDCBF5D620B264CE3642E9F9 /* TokenStore.swift */ = {isa = PBXFileReference; lastKnownFileType = sourcecode.swift; path = TokenStore.swift; sourceTree = "<group>"; };
		CE087391B9F524F4BCFEAE1A /* APIClient.swift */ = {isa = PBXFileReference; lastKnownFileType = sourcecode.swift; path = APIClient.swift; sourceTree = "<group>"; };
		CF5A08F69ADFE35168E3EC73 /* LibraryView.swift */ = {isa = PBXFileReference; lastKnownFileType = sourcecode.swift; path = LibraryView.swift; sourceTree = "<group>"; };
		D2E794403919014DB2D01E20 /* FlowLayout.swift */ = {isa = PBXFileReference; lastKnownFileType = sourcecode.swift; path = FlowLayout.swift; sourceTree = "<group>"; };
		D71C46FF149BB331347BEAA9 /* APIEnvelope.swift */ = {isa = PBXFileReference; lastKnownFileType = sourcecode.swift; path = APIEnvelope.swift; sourceTree = "<group>"; };
		D7C6BF62D4109C171EC07945 /* Recommendation.swift */ = {isa = PBXFileReference; lastKnownFileType = sourcecode.swift; path = Recommendation.swift; sourceTree = "<group>"; };
		D8EDE9358BE6F5C26EE4A290 /* AppDatabase.swift */ = {isa = PBXFileReference; lastKnownFileType = sourcecode.swift; path = AppDatabase.swift; sourceTree = "<group>"; };
		D9A8619A97BD3D79D30DB90B /* SeriesExtrasTests.swift */ = {isa = PBXFileReference; lastKnownFileType = sourcecode.swift; path = SeriesExtrasTests.swift; sourceTree = "<group>"; };
		DA80EE3FE0BAFFD883C3E1CA /* control.json */ = {isa = PBXFileReference; lastKnownFileType = text.json; path = control.json; sourceTree = "<group>"; };
		DC42EC577D0B00F110637E3C /* BrowseModel.swift */ = {isa = PBXFileReference; lastKnownFileType = sourcecode.swift; path = BrowseModel.swift; sourceTree = "<group>"; };
		E34EA181BB806A56A047B665 /* ScheduleRow.swift */ = {isa = PBXFileReference; lastKnownFileType = sourcecode.swift; path = ScheduleRow.swift; sourceTree = "<group>"; };
		E857F687662541E0D139B80D /* SectionHeader.swift */ = {isa = PBXFileReference; lastKnownFileType = sourcecode.swift; path = SectionHeader.swift; sourceTree = "<group>"; };
		E89342FBAEA6069910C8F6E9 /* ContentPreferences.swift */ = {isa = PBXFileReference; lastKnownFileType = sourcecode.swift; path = ContentPreferences.swift; sourceTree = "<group>"; };
		E9B75B41390A4AF825B01438 /* MixModelTests.swift */ = {isa = PBXFileReference; lastKnownFileType = sourcecode.swift; path = MixModelTests.swift; sourceTree = "<group>"; };
		ECDC6890749C1997497BEE11 /* SeriesRepositoryTests.swift */ = {isa = PBXFileReference; lastKnownFileType = sourcecode.swift; path = SeriesRepositoryTests.swift; sourceTree = "<group>"; };
		EE257CD51DA39AFFD611379A /* BrowseView.swift */ = {isa = PBXFileReference; lastKnownFileType = sourcecode.swift; path = BrowseView.swift; sourceTree = "<group>"; };
		EF224B95D6171608E734DE78 /* Glass.swift */ = {isa = PBXFileReference; lastKnownFileType = sourcecode.swift; path = Glass.swift; sourceTree = "<group>"; };
		F0BD234DA471FEA2438D691E /* AppTabBar.swift */ = {isa = PBXFileReference; lastKnownFileType = sourcecode.swift; path = AppTabBar.swift; sourceTree = "<group>"; };
		F33D33D9B86DA76ACDA606D9 /* BlurHashCache.swift */ = {isa = PBXFileReference; lastKnownFileType = sourcecode.swift; path = BlurHashCache.swift; sourceTree = "<group>"; };
		F491AA914115AD5A1FC2C79A /* SearchModelTests.swift */ = {isa = PBXFileReference; lastKnownFileType = sourcecode.swift; path = SearchModelTests.swift; sourceTree = "<group>"; };
		F4AF1E2E22F461E340D4EC53 /* BrowseModelTests.swift */ = {isa = PBXFileReference; lastKnownFileType = sourcecode.swift; path = BrowseModelTests.swift; sourceTree = "<group>"; };
		F4CFA35A27F63B91EEB09180 /* Catalogue.swift */ = {isa = PBXFileReference; lastKnownFileType = sourcecode.swift; path = Catalogue.swift; sourceTree = "<group>"; };
		F8CC22DB71325A13487F465B /* SettingsView.swift */ = {isa = PBXFileReference; lastKnownFileType = sourcecode.swift; path = SettingsView.swift; sourceTree = "<group>"; };
		FA4D1799EDF9EFD24E6F8135 /* Profile.swift */ = {isa = PBXFileReference; lastKnownFileType = sourcecode.swift; path = Profile.swift; sourceTree = "<group>"; };
		FAD591CE7A28AE2A62A1086B /* CoverLayoutTests.swift */ = {isa = PBXFileReference; lastKnownFileType = sourcecode.swift; path = CoverLayoutTests.swift; sourceTree = "<group>"; };
		FAFBD039E636AD1D47EAE31A /* library.json */ = {isa = PBXFileReference; lastKnownFileType = text.json; path = library.json; sourceTree = "<group>"; };
		FE022EC45BBE2B43323AB02D /* Metrics.swift */ = {isa = PBXFileReference; lastKnownFileType = sourcecode.swift; path = Metrics.swift; sourceTree = "<group>"; };
/* End PBXFileReference section */

/* Begin PBXFrameworksBuildPhase section */
		690DD79A4E1E5FC0DDE239F5 /* Frameworks */ = {
			isa = PBXFrameworksBuildPhase;
			buildActionMask = 2147483647;
			files = (
				94361F7A09FF2CC5602F116A /* GRDB in Frameworks */,
			);
			runOnlyForDeploymentPostprocessing = 0;
		};
/* End PBXFrameworksBuildPhase section */

/* Begin PBXGroup section */
		099DCB1693FCE74489658452 /* App */ = {
			isa = PBXGroup;
			children = (
				9E8790B3C22A16713DE2D677 /* MangaBakaApp.swift */,
				8D7593963422F18CB134D317 /* RootView.swift */,
			);
			path = App;
			sourceTree = "<group>";
		};
		10492E4A891042C67A377C5A /* Schedule */ = {
			isa = PBXGroup;
			children = (
				4FA2B5E732EF37AD173FBB7D /* Cadence.swift */,
				52FCCDD33A78D94B0B5F003C /* MangaUpdatesClient.swift */,
				7BA84B4299E28390AD030CAD /* MangaUpdatesID.swift */,
				3BF9FF4C8FA8E99AD6AA2588 /* ReleaseSchedule.swift */,
			);
			path = Schedule;
			sourceTree = "<group>";
		};
		190FB6DA5777617E57ED0940 /* Detail */ = {
			isa = PBXGroup;
			children = (
				8655E5F70D5BC83C78BFB1B6 /* LinksSection.swift */,
				3B477C4A8ED2D572DEB4DB6F /* SeriesDetailView.swift */,
			);
			path = Detail;
			sourceTree = "<group>";
		};
		1C404F9C9E397CB36D9CC148 /* Settings */ = {
			isa = PBXGroup;
			children = (
				E89342FBAEA6069910C8F6E9 /* ContentPreferences.swift */,
				A41B78E9BC45F46C39BABCE7 /* FormatPreferences.swift */,
			);
			path = Settings;
			sourceTree = "<group>";
		};
		1EC9A0B9246941C0AD0372FA /* Schedule */ = {
			isa = PBXGroup;
			children = (
				BFD24471895746757C3BCFCF /* ScheduleModel.swift */,
				E34EA181BB806A56A047B665 /* ScheduleRow.swift */,
				7C24548E1E0D65E3BD4C3580 /* ScheduleView.swift */,
			);
			path = Schedule;
			sourceTree = "<group>";
		};
		24279BDA9CD5554CD460F717 /* Fixtures */ = {
			isa = PBXGroup;
			children = (
				DA80EE3FE0BAFFD883C3E1CA /* control.json */,
				FAFBD039E636AD1D47EAE31A /* library.json */,
				7F8D61B24CD0D96F100A6584 /* mix.json */,
				71998B36D08E3ED54E1F4FCD /* rising.json */,
			);
			path = Fixtures;
			sourceTree = "<group>";
		};
		2583BA85D383DA6E726A4DDE /* Resources */ = {
			isa = PBXGroup;
			children = (
				04AD7D515B0213C308B00D73 /* Assets.xcassets */,
				992B4C3370C6C0E11826751F /* PrivacyInfo.xcprivacy */,
			);
			path = Resources;
			sourceTree = "<group>";
		};
		25F2C916276D7659FFF00A58 /* Features */ = {
			isa = PBXGroup;
			children = (
				99BBBC6613B2F8B2C3DE48AB /* Browse */,
				8AB74AA80AF3ED6D9E560851 /* Chrome */,
				190FB6DA5777617E57ED0940 /* Detail */,
				B43106F58099E6DACB2AC4D8 /* Discovery */,
				84CFC186EDB4AF191FF028FF /* Library */,
				E207EB0207A8B2FBEC3752B1 /* Mix */,
				1EC9A0B9246941C0AD0372FA /* Schedule */,
				667EDA0FCE33562ED77D74D9 /* Search */,
				CEE5AD03CD8404B7319BDC77 /* Settings */,
				9BD3ABF2DE6BE7DF85D6DD04 /* Shared */,
				79CE7309405C7B6552225D8B /* Shelf */,
				478ED303415CCB3C0410FF78 /* Stack */,
			);
			path = Features;
			sourceTree = "<group>";
		};
		295AF4BD7364B7AC57CF9457 /* Persistence */ = {
			isa = PBXGroup;
			children = (
				D8EDE9358BE6F5C26EE4A290 /* AppDatabase.swift */,
				602EA6151855A477E1E7766B /* CachedSeries.swift */,
				70F057AE4B84F66D91691CEB /* Clock.swift */,
				1DB63DBBD5FA29CDE251ED6F /* SeriesRepository.swift */,
			);
			path = Persistence;
			sourceTree = "<group>";
		};
		3A4BF51EE0F27CD7DEC2CA1E /* MangaBaka */ = {
			isa = PBXGroup;
			children = (
				099DCB1693FCE74489658452 /* App */,
				C3DABE93CA6B8C27BA112A53 /* Core */,
				ACDBFBCA00CC2A0156CB8329 /* DesignSystem */,
				25F2C916276D7659FFF00A58 /* Features */,
				2583BA85D383DA6E726A4DDE /* Resources */,
			);
			path = MangaBaka;
			sourceTree = "<group>";
		};
		478ED303415CCB3C0410FF78 /* Stack */ = {
			isa = PBXGroup;
			children = (
				66AC80B7959AD108FCFD7FFF /* StackModel.swift */,
				2AE431E64B0087435EC511EF /* StackSections.swift */,
				C17FEBF52EDDF5C6DAE7F64B /* StackView.swift */,
			);
			path = Stack;
			sourceTree = "<group>";
		};
		4ED64E5657DD1EBA36DD64C2 /* Configs */ = {
			isa = PBXGroup;
			children = (
				95D4717B378792F9D1AACD67 /* Debug.xcconfig */,
				9C68EE1F8DFE37D05CDEE001 /* Release.xcconfig */,
			);
			path = Configs;
			sourceTree = "<group>";
		};
		5E1C584A059CBA5477A2E5AB /* Model */ = {
			isa = PBXGroup;
			children = (
				BD80FA82C8DB0C1F8B36440D /* BlendDNA.swift */,
				F4CFA35A27F63B91EEB09180 /* Catalogue.swift */,
				2EF18F3A268222AE0C0BE45E /* CatalogueService.swift */,
				3440196B7B97089F879464B5 /* Cover.swift */,
				4639E00D4BFDA90A2F23616B /* DisplayTitle.swift */,
				D7C6BF62D4109C171EC07945 /* Recommendation.swift */,
				4206810500D4CA99B1B9CC9E /* Series.swift */,
				278CC836F95E07E924593395 /* SeriesExtras.swift */,
				1F995CD0464E8C04EF8D4401 /* SeriesTitle.swift */,
			);
			path = Model;
			sourceTree = "<group>";
		};
		667EDA0FCE33562ED77D74D9 /* Search */ = {
			isa = PBXGroup;
			children = (
				752C2EA256480712974801AD /* SearchLens.swift */,
				A29C113686CBB469EF6A3951 /* SearchModel.swift */,
				7E978571AF4482B798D589CC /* SearchView.swift */,
			);
			path = Search;
			sourceTree = "<group>";
		};
		79CE7309405C7B6552225D8B /* Shelf */ = {
			isa = PBXGroup;
			children = (
				8E9097F42ABA9FEE8097956C /* ShelfStore.swift */,
			);
			path = Shelf;
			sourceTree = "<group>";
		};
		84CFC186EDB4AF191FF028FF /* Library */ = {
			isa = PBXGroup;
			children = (
				282CA4044C57A0AA55C5E5FB /* LibraryModel.swift */,
				CF5A08F69ADFE35168E3EC73 /* LibraryView.swift */,
				8DABEF481B90078120854DE1 /* ShelfDetailView.swift */,
			);
			path = Library;
			sourceTree = "<group>";
		};
		89F9FA14FD3F8B988496ACBE = {
			isa = PBXGroup;
			children = (
				4ED64E5657DD1EBA36DD64C2 /* Configs */,
				3A4BF51EE0F27CD7DEC2CA1E /* MangaBaka */,
				9601F9FF505DB84191E7A799 /* MangaBakaTests */,
				C5D60635B1D5551B614A5779 /* Products */,
			);
			sourceTree = "<group>";
		};
		8AB74AA80AF3ED6D9E560851 /* Chrome */ = {
			isa = PBXGroup;
			children = (
				F0BD234DA471FEA2438D691E /* AppTabBar.swift */,
			);
			path = Chrome;
			sourceTree = "<group>";
		};
		9601F9FF505DB84191E7A799 /* MangaBakaTests */ = {
			isa = PBXGroup;
			children = (
				24279BDA9CD5554CD460F717 /* Fixtures */,
				7A1CB792D5E4AB8330A0F591 /* AccessibilityTests.swift */,
				59A568F72990CB4BDB3E9056 /* APIClientTests.swift */,
				AF1D9EA1F3939E7C7446C07E /* APIErrorPresentationTests.swift */,
				5AA7827799CD364196381C9C /* APIShapeContractTests.swift */,
				45258C08149205EE5C59A6D4 /* BlurHashTests.swift */,
				F4AF1E2E22F461E340D4EC53 /* BrowseModelTests.swift */,
				20668C2667DE9B789068F76B /* CadenceTests.swift */,
				41ECF7D63843DAAF9E6030D4 /* CatalogueTests.swift */,
				14EE38018284B8A8CE0EF516 /* ContentPreferencesTests.swift */,
				FAD591CE7A28AE2A62A1086B /* CoverLayoutTests.swift */,
				C99014FFFB9D8B7223D1E11C /* CoverTests.swift */,
				9FDF0A3AE179F1D34BFD5528 /* DisplayTitleTests.swift */,
				6F15759A5A1518C7E2D5E148 /* FixtureLoading.swift */,
				BF595AE01077A9CDAA601BB7 /* FormatPreferencesTests.swift */,
				0EB111B7058059988CEB401B /* LibraryDecodingTests.swift */,
				657A52EB92EF36BCF2CA0380 /* LibraryModelTests.swift */,
				9934115A7E74CC9CC2E920D5 /* LibraryTests.swift */,
				E9B75B41390A4AF825B01438 /* MixModelTests.swift */,
				53AA072C03A0C7369887770B /* PaginationTests.swift */,
				819CBCA7CC77592406630D74 /* PresentationTests.swift */,
				5698F5863047F965EA299F22 /* RateLimitTests.swift */,
				C3281DBC76CB8D1200495919 /* RecommendationQualityTests.swift */,
				34B45FF8662C3905B86528A1 /* RequestBudgetTests.swift */,
				2635D462C8C5D3EA34FC5AD5 /* SafeLinkTests.swift */,
				65EE5304AC21E3D3FDFCAD34 /* ScheduleModelTests.swift */,
				5EF948E62761E7CFD4F55CB3 /* SearchAndMixTests.swift */,
				F491AA914115AD5A1FC2C79A /* SearchModelTests.swift */,
				427FE3E6E3A09701E3A650D1 /* SecurityTests.swift */,
				1FCE8ED9E1CBA46CA151CAA3 /* SeriesDecodingTests.swift */,
				D9A8619A97BD3D79D30DB90B /* SeriesExtrasTests.swift */,
				64EED0A0A3A05647D2445F70 /* SeriesFactory.swift */,
				ECDC6890749C1997497BEE11 /* SeriesRepositoryTests.swift */,
				45FF467BEFD81175BFF95FDB /* SourceTree.swift */,
				7DE5A9E7DDC428AB083B28B0 /* SurpriseAndStackTests.swift */,
				7AB259A093AF7EF8B8AD1036 /* URLProtocolStub.swift */,
			);
			path = MangaBakaTests;
			sourceTree = "<group>";
		};
		99BBBC6613B2F8B2C3DE48AB /* Browse */ = {
			isa = PBXGroup;
			children = (
				DC42EC577D0B00F110637E3C /* BrowseModel.swift */,
				EE257CD51DA39AFFD611379A /* BrowseView.swift */,
			);
			path = Browse;
			sourceTree = "<group>";
		};
		9BD3ABF2DE6BE7DF85D6DD04 /* Shared */ = {
			isa = PBXGroup;
			children = (
				530B5C869E932A5DF2238597 /* CoverImage.swift */,
				973428306988EF58297A58B3 /* FailureState.swift */,
				D2E794403919014DB2D01E20 /* FlowLayout.swift */,
				E857F687662541E0D139B80D /* SectionHeader.swift */,
			);
			path = Shared;
			sourceTree = "<group>";
		};
		ACDBFBCA00CC2A0156CB8329 /* DesignSystem */ = {
			isa = PBXGroup;
			children = (
				EF224B95D6171608E734DE78 /* Glass.swift */,
				FE022EC45BBE2B43323AB02D /* Metrics.swift */,
				3F5D04922A2C422FF4312264 /* Palette.swift */,
				20330A856CAA2475C0B1C392 /* Typography.swift */,
			);
			path = DesignSystem;
			sourceTree = "<group>";
		};
		B43106F58099E6DACB2AC4D8 /* Discovery */ = {
			isa = PBXGroup;
			children = (
				7A88E5CDA1D68F1872D2A150 /* DiscoverModel.swift */,
				4C5E9C70BAC86AC72398C349 /* DiscoverView.swift */,
			);
			path = Discovery;
			sourceTree = "<group>";
		};
		C3DABE93CA6B8C27BA112A53 /* Core */ = {
			isa = PBXGroup;
			children = (
				D01AE649172B94E02ED48F56 /* Auth */,
				E09C5FF8F1FA02E9E521ACBC /* Images */,
				E8D5154899857BBFD6F9F05B /* Library */,
				5E1C584A059CBA5477A2E5AB /* Model */,
				C7C93B9E33FA6BFCC127720B /* Networking */,
				295AF4BD7364B7AC57CF9457 /* Persistence */,
				10492E4A891042C67A377C5A /* Schedule */,
				1C404F9C9E397CB36D9CC148 /* Settings */,
			);
			path = Core;
			sourceTree = "<group>";
		};
		C5D60635B1D5551B614A5779 /* Products */ = {
			isa = PBXGroup;
			children = (
				2D8299C7A8EFA18511A4FA97 /* MangaBaka.app */,
				89A3F36BE4913A5F397493A2 /* MangaBakaTests.xctest */,
			);
			name = Products;
			sourceTree = "<group>";
		};
		C7C93B9E33FA6BFCC127720B /* Networking */ = {
			isa = PBXGroup;
			children = (
				CE087391B9F524F4BCFEAE1A /* APIClient.swift */,
				D71C46FF149BB331347BEAA9 /* APIEnvelope.swift */,
				9A8062597275E0B6DC97413D /* APIError.swift */,
				AE4CAD5968791AD6892AD695 /* RateLimitGate.swift */,
				BB59EF6E9F6BAFBB79F5BC68 /* ResultsEnvelope.swift */,
				4EA0FAE13665B4C11439C5A4 /* TokenProvider.swift */,
			);
			path = Networking;
			sourceTree = "<group>";
		};
		CEE5AD03CD8404B7319BDC77 /* Settings */ = {
			isa = PBXGroup;
			children = (
				4898CDB594322E3BE34C5F98 /* FormatSection.swift */,
				F8CC22DB71325A13487F465B /* SettingsView.swift */,
			);
			path = Settings;
			sourceTree = "<group>";
		};
		D01AE649172B94E02ED48F56 /* Auth */ = {
			isa = PBXGroup;
			children = (
				FA4D1799EDF9EFD24E6F8135 /* Profile.swift */,
				CDCBF5D620B264CE3642E9F9 /* TokenStore.swift */,
			);
			path = Auth;
			sourceTree = "<group>";
		};
		E09C5FF8F1FA02E9E521ACBC /* Images */ = {
			isa = PBXGroup;
			children = (
				2D648EE726DC62C9A5E1C80E /* BlurHash.swift */,
				F33D33D9B86DA76ACDA606D9 /* BlurHashCache.swift */,
			);
			path = Images;
			sourceTree = "<group>";
		};
		E207EB0207A8B2FBEC3752B1 /* Mix */ = {
			isa = PBXGroup;
			children = (
				399518B257BDBF63D3D7AFC3 /* BlendDNAView.swift */,
				04EB62C466EA9D205CAF1E43 /* MixModel.swift */,
				286B3C32F117C6F816A32146 /* MixResults.swift */,
				A22817C9052D0B841A45EF46 /* MixView.swift */,
			);
			path = Mix;
			sourceTree = "<group>";
		};
		E8D5154899857BBFD6F9F05B /* Library */ = {
			isa = PBXGroup;
			children = (
				4C71542E5868966C685EA32C /* LibraryEntry.swift */,
				BD9AF71ABDE6B2D1C23C30A4 /* LibraryService.swift */,
			);
			path = Library;
			sourceTree = "<group>";
		};
/* End PBXGroup section */

/* Begin PBXNativeTarget section */
		9DC498596D253759DE9847E7 /* MangaBaka */ = {
			isa = PBXNativeTarget;
			buildConfigurationList = 041F1BBE7C5B046C32161332 /* Build configuration list for PBXNativeTarget "MangaBaka" */;
			buildPhases = (
				073B2A7DC05A648B8EE9FFB5 /* Sources */,
				65FB8B14B6B882CCE8AC01AE /* Resources */,
				690DD79A4E1E5FC0DDE239F5 /* Frameworks */,
			);
			buildRules = (
			);
			dependencies = (
			);
			name = MangaBaka;
			packageProductDependencies = (
				6D13144E0F22A479D2873FDA /* GRDB */,
			);
			productName = MangaBaka;
			productReference = 2D8299C7A8EFA18511A4FA97 /* MangaBaka.app */;
			productType = "com.apple.product-type.application";
		};
		CF721BEAE0525E14F479BBEB /* MangaBakaTests */ = {
			isa = PBXNativeTarget;
			buildConfigurationList = 33E15DCF088D861F52004311 /* Build configuration list for PBXNativeTarget "MangaBakaTests" */;
			buildPhases = (
				DA5B7600B22DC99577B66FDB /* Sources */,
				85096FE5980D441A7A611D08 /* Resources */,
			);
			buildRules = (
			);
			dependencies = (
				584506E389616368F50DCEDB /* PBXTargetDependency */,
			);
			name = MangaBakaTests;
			packageProductDependencies = (
			);
			productName = MangaBakaTests;
			productReference = 89A3F36BE4913A5F397493A2 /* MangaBakaTests.xctest */;
			productType = "com.apple.product-type.bundle.unit-test";
		};
/* End PBXNativeTarget section */

/* Begin PBXProject section */
		5BC8B5608F4EF21D2EB7EF42 /* Project object */ = {
			isa = PBXProject;
			attributes = {
				BuildIndependentTargetsInParallel = YES;
				LastUpgradeCheck = 2660;
				TargetAttributes = {
					9DC498596D253759DE9847E7 = {
						DevelopmentTeam = 5AF2LBU5A3;
						ProvisioningStyle = Automatic;
					};
				};
			};
			buildConfigurationList = CFDE0D2DF659C51B46839ABD /* Build configuration list for PBXProject "MangaBaka" */;
			developmentRegion = en;
			hasScannedForEncodings = 0;
			knownRegions = (
				Base,
				en,
			);
			mainGroup = 89F9FA14FD3F8B988496ACBE;
			minimizedProjectReferenceProxies = 1;
			packageReferences = (
				BB1FCEF8706B6C61C84BD2C8 /* XCRemoteSwiftPackageReference "GRDB.swift" */,
			);
			preferredProjectObjectVersion = 77;
			productRefGroup = C5D60635B1D5551B614A5779 /* Products */;
			projectDirPath = "";
			projectRoot = "";
			targets = (
				9DC498596D253759DE9847E7 /* MangaBaka */,
				CF721BEAE0525E14F479BBEB /* MangaBakaTests */,
			);
		};
/* End PBXProject section */

/* Begin PBXResourcesBuildPhase section */
		65FB8B14B6B882CCE8AC01AE /* Resources */ = {
			isa = PBXResourcesBuildPhase;
			buildActionMask = 2147483647;
			files = (
				B372A2E1C17161C7F07ADC43 /* Assets.xcassets in Resources */,
				0281A81A4ABE53247CFB8FFC /* PrivacyInfo.xcprivacy in Resources */,
			);
			runOnlyForDeploymentPostprocessing = 0;
		};
		85096FE5980D441A7A611D08 /* Resources */ = {
			isa = PBXResourcesBuildPhase;
			buildActionMask = 2147483647;
			files = (
				419BEF328CDCDDA07952ED80 /* control.json in Resources */,
				56F19DE496ED401E2AD60C56 /* library.json in Resources */,
				36B5E92EF048998AE6C4A9ED /* mix.json in Resources */,
				36EE0D59969208E71A0896B4 /* rising.json in Resources */,
			);
			runOnlyForDeploymentPostprocessing = 0;
		};
/* End PBXResourcesBuildPhase section */

/* Begin PBXSourcesBuildPhase section */
		073B2A7DC05A648B8EE9FFB5 /* Sources */ = {
			isa = PBXSourcesBuildPhase;
			buildActionMask = 2147483647;
			files = (
				C9EF0551F00248CEFE4FA7B3 /* APIClient.swift in Sources */,
				137C347F5DC0E831E5D3F97D /* APIEnvelope.swift in Sources */,
				7C57A22D6C3165B034A9541C /* APIError.swift in Sources */,
				14C86245A2FFF1449145B702 /* AppDatabase.swift in Sources */,
				3C02B891276AE0527B71A0F9 /* AppTabBar.swift in Sources */,
				36C2DF96E7590664007DA15E /* BlendDNA.swift in Sources */,
				5E5CD486900B49F08F6549CD /* BlendDNAView.swift in Sources */,
				D1D0F28FC7C800A922D97D2F /* BlurHash.swift in Sources */,
				B349908000DB532CA712EA5F /* BlurHashCache.swift in Sources */,
				921DBEB63FED7F72BA3AB287 /* BrowseModel.swift in Sources */,
				08E91C57C0FE8B82FB795EBD /* BrowseView.swift in Sources */,
				7947CAE0277ECA105C9F00D4 /* CachedSeries.swift in Sources */,
				9D922E999D8D23FB7D5688B2 /* Cadence.swift in Sources */,
				B4ED512329A04B8F5CDAEDD7 /* Catalogue.swift in Sources */,
				A8659ACF60C76A9DAA516D76 /* CatalogueService.swift in Sources */,
				BBCCAFCCFA632BAAD3AC3037 /* Clock.swift in Sources */,
				5C75B278F66132E75167B74D /* ContentPreferences.swift in Sources */,
				C842EE3ACBBE8460529055B4 /* Cover.swift in Sources */,
				D02E1EF70159B5C3E2D2005B /* CoverImage.swift in Sources */,
				D1DBB836A67E6071D7F2122D /* DiscoverModel.swift in Sources */,
				5E3B3ECB565CC26DABEFADDB /* DiscoverView.swift in Sources */,
				17423DB0B7630B34E45FF791 /* DisplayTitle.swift in Sources */,
				B42A23A109FE2A4D826724C0 /* FailureState.swift in Sources */,
				21FEA6C477FD95D25064A8CB /* FlowLayout.swift in Sources */,
				DB639DB55378A1D95799A40C /* FormatPreferences.swift in Sources */,
				06A145E746BB94CE9AAE1A64 /* FormatSection.swift in Sources */,
				857862DC0210190C43AFD46B /* Glass.swift in Sources */,
				121D8FA6831DAAB65C196B54 /* LibraryEntry.swift in Sources */,
				BB9438EBF2D65EAAA5E1A490 /* LibraryModel.swift in Sources */,
				34C2E1D9E343AB66E88D6AF5 /* LibraryService.swift in Sources */,
				287BDBE8D3E059A552D78968 /* LibraryView.swift in Sources */,
				1621038E6C35ED1642B2F900 /* LinksSection.swift in Sources */,
				6F91F7BEA60D38535C99EF57 /* MangaBakaApp.swift in Sources */,
				0A645E11214CC45E002A4FFB /* MangaUpdatesClient.swift in Sources */,
				BF40A682F59A9B0B0703E81F /* MangaUpdatesID.swift in Sources */,
				4A1A5C78A36C773EBE2306C3 /* Metrics.swift in Sources */,
				FE9D48BF6F8F6C94A61BB78F /* MixModel.swift in Sources */,
				AECABA28AD89560B5F3FD87D /* MixResults.swift in Sources */,
				BD1148DFCD8AEE8AD1A8310C /* MixView.swift in Sources */,
				C39302C14E489C7F5CF4C78D /* Palette.swift in Sources */,
				AC45DC2BE230ED03993C3064 /* Profile.swift in Sources */,
				56F4B26781324528791F6891 /* RateLimitGate.swift in Sources */,
				F36E3452DFDD3B0F873C8F17 /* Recommendation.swift in Sources */,
				9546356837D0995EFFD6A534 /* ReleaseSchedule.swift in Sources */,
				759BC9C9777FA5601F05A021 /* ResultsEnvelope.swift in Sources */,
				129CD39CF86D2B87374A6DBA /* RootView.swift in Sources */,
				86E1990D718C30A2BC72ACDF /* ScheduleModel.swift in Sources */,
				9E0EF465EFE9657F7494BB3A /* ScheduleRow.swift in Sources */,
				BCF1A4D4EDC07975D007EC2C /* ScheduleView.swift in Sources */,
				4CE146E3B4B756F7CE67B5D5 /* SearchLens.swift in Sources */,
				286B4C74D3D45846D41EFE29 /* SearchModel.swift in Sources */,
				B26A26C9E2D20C07F7E0F4DC /* SearchView.swift in Sources */,
				8001BF5D2AECCA2FC1AB2831 /* SectionHeader.swift in Sources */,
				98731D006DCABF3074A98475 /* Series.swift in Sources */,
				5E9D5DC108E94872417CA54C /* SeriesDetailView.swift in Sources */,
				B86AA386D2383D77D26D92ED /* SeriesExtras.swift in Sources */,
				657DA998FBBD3BB347DE0B7F /* SeriesRepository.swift in Sources */,
				CA630D9DA3BA2C6F59016D15 /* SeriesTitle.swift in Sources */,
				D1182AEB5F0978D4B99E6FF2 /* SettingsView.swift in Sources */,
				E0686B09027F676E2D889540 /* ShelfDetailView.swift in Sources */,
				2BFA1DA46A0BA5356E4DC99A /* ShelfStore.swift in Sources */,
				1BB993A98D838AF858D9F13C /* StackModel.swift in Sources */,
				E13E7297E0BCA823074FC920 /* StackSections.swift in Sources */,
				B72756445980F083663658AA /* StackView.swift in Sources */,
				07F17EF16F50DB02B3C04627 /* TokenProvider.swift in Sources */,
				D7BB799564E52E6E814831F8 /* TokenStore.swift in Sources */,
				DF9B62750FA0D1206C79662E /* Typography.swift in Sources */,
			);
			runOnlyForDeploymentPostprocessing = 0;
		};
		DA5B7600B22DC99577B66FDB /* Sources */ = {
			isa = PBXSourcesBuildPhase;
			buildActionMask = 2147483647;
			files = (
				7A987A3AF44B426997FA5891 /* APIClientTests.swift in Sources */,
				68115826927524E3AF228C58 /* APIErrorPresentationTests.swift in Sources */,
				E38CBB00B6B725DFDC509FE6 /* APIShapeContractTests.swift in Sources */,
				67787494CB9240C6F73BFC67 /* AccessibilityTests.swift in Sources */,
				F6953E1E4C6AA0B7D585ED6F /* BlurHashTests.swift in Sources */,
				85056A26FF6DE8B6D5266F4B /* BrowseModelTests.swift in Sources */,
				104D43D6D9584310D18D22E2 /* CadenceTests.swift in Sources */,
				ED00F93A37DFF0D2B9FF596D /* CatalogueTests.swift in Sources */,
				7D780404FC308E7601768023 /* ContentPreferencesTests.swift in Sources */,
				D7175152ED07C74D5BE05D3D /* CoverLayoutTests.swift in Sources */,
				B8EBCA8DAAEF29E50F74D9FC /* CoverTests.swift in Sources */,
				C52D86F53A03486BBF37B0AE /* DisplayTitleTests.swift in Sources */,
				2FA0DF5FFDF1CAEB853A0C2A /* FixtureLoading.swift in Sources */,
				1FAF9328BFF73ADDFA7163DA /* FormatPreferencesTests.swift in Sources */,
				AFF60E09E5ADF1BEAED2BC2B /* LibraryDecodingTests.swift in Sources */,
				89616BE16C7EB690A1292326 /* LibraryModelTests.swift in Sources */,
				22C001130D744941D6B658D2 /* LibraryTests.swift in Sources */,
				59B8068276B79D7C21B43A0B /* MixModelTests.swift in Sources */,
				666166C2691BA68805DF8078 /* PaginationTests.swift in Sources */,
				8467A73E5536C434ED9FF802 /* PresentationTests.swift in Sources */,
				3E01D708FFDD5CB138E6E4C0 /* RateLimitTests.swift in Sources */,
				6FF0EDF562F8868FB08D4813 /* RecommendationQualityTests.swift in Sources */,
				E9C082F0B780450E23C5BF86 /* RequestBudgetTests.swift in Sources */,
				5C5BB20A74182861CBC281B4 /* SafeLinkTests.swift in Sources */,
				63B339CB5931911276BADACA /* ScheduleModelTests.swift in Sources */,
				2EAE470F7F27AFD57FCCF6B4 /* SearchAndMixTests.swift in Sources */,
				A2D9F1FA7D1D7736FB8583D7 /* SearchModelTests.swift in Sources */,
				ADF59B85F5F0ABB7F0049AA8 /* SecurityTests.swift in Sources */,
				75A8D0061B5A643927B9A778 /* SeriesDecodingTests.swift in Sources */,
				7E6F50ABE110986FD1E83529 /* SeriesExtrasTests.swift in Sources */,
				D84B75E1AA8C7B233A63FF52 /* SeriesFactory.swift in Sources */,
				B91A25F847578C571F45BE74 /* SeriesRepositoryTests.swift in Sources */,
				E660C1970FF471564D6F9700 /* SourceTree.swift in Sources */,
				E30F00A5B893F7CD6D2189F3 /* SurpriseAndStackTests.swift in Sources */,
				3C94B283F8FC82FC97CCB9DC /* URLProtocolStub.swift in Sources */,
			);
			runOnlyForDeploymentPostprocessing = 0;
		};
/* End PBXSourcesBuildPhase section */

/* Begin PBXTargetDependency section */
		584506E389616368F50DCEDB /* PBXTargetDependency */ = {
			isa = PBXTargetDependency;
			target = 9DC498596D253759DE9847E7 /* MangaBaka */;
			targetProxy = 948002B494EA981835D84292 /* PBXContainerItemProxy */;
		};
/* End PBXTargetDependency section */

/* Begin XCBuildConfiguration section */
		34C39D6D78897AAE8244343C /* Debug */ = {
			isa = XCBuildConfiguration;
			buildSettings = {
				BUNDLE_LOADER = "$(TEST_HOST)";
				GENERATE_INFOPLIST_FILE = YES;
				LD_RUNPATH_SEARCH_PATHS = (
					"$(inherited)",
					"@executable_path/Frameworks",
					"@loader_path/Frameworks",
				);
				PRODUCT_BUNDLE_IDENTIFIER = dev.abdirahmanmohamed.mangabaka.tests;
				SDKROOT = iphoneos;
				TARGETED_DEVICE_FAMILY = "1,2";
				TEST_HOST = "$(BUILT_PRODUCTS_DIR)/MangaBaka.app/MangaBaka";
			};
			name = Debug;
		};
		76E798A48DA325D4B0E1BD2B /* Release */ = {
			isa = XCBuildConfiguration;
			baseConfigurationReference = 9C68EE1F8DFE37D05CDEE001 /* Release.xcconfig */;
			buildSettings = {
				ASSETCATALOG_COMPILER_APPICON_NAME = AppIcon;
				CODE_SIGN_IDENTITY = "iPhone Developer";
				CODE_SIGN_STYLE = Automatic;
				CURRENT_PROJECT_VERSION = 1;
				DEVELOPMENT_TEAM = 5AF2LBU5A3;
				GENERATE_INFOPLIST_FILE = NO;
				INFOPLIST_FILE = Configs/Info.plist;
				LD_RUNPATH_SEARCH_PATHS = (
					"$(inherited)",
					"@executable_path/Frameworks",
				);
				MARKETING_VERSION = 0.1.0;
				PRODUCT_BUNDLE_IDENTIFIER = dev.abdirahmanmohamed.mangabaka;
				PRODUCT_NAME = MangaBaka;
				SDKROOT = iphoneos;
				TARGETED_DEVICE_FAMILY = 1;
			};
			name = Release;
		};
		85F6AE3F0B59ADB5B1DEF9C7 /* Debug */ = {
			isa = XCBuildConfiguration;
			buildSettings = {
				ALWAYS_SEARCH_USER_PATHS = NO;
				CLANG_ANALYZER_NONNULL = YES;
				CLANG_ANALYZER_NUMBER_OBJECT_CONVERSION = YES_AGGRESSIVE;
				CLANG_CXX_LANGUAGE_STANDARD = "gnu++14";
				CLANG_CXX_LIBRARY = "libc++";
				CLANG_ENABLE_MODULES = YES;
				CLANG_ENABLE_OBJC_ARC = YES;
				CLANG_ENABLE_OBJC_WEAK = YES;
				CLANG_WARN_BLOCK_CAPTURE_AUTORELEASING = YES;
				CLANG_WARN_BOOL_CONVERSION = YES;
				CLANG_WARN_COMMA = YES;
				CLANG_WARN_CONSTANT_CONVERSION = YES;
				CLANG_WARN_DEPRECATED_OBJC_IMPLEMENTATIONS = YES;
				CLANG_WARN_DIRECT_OBJC_ISA_USAGE = YES_ERROR;
				CLANG_WARN_DOCUMENTATION_COMMENTS = YES;
				CLANG_WARN_EMPTY_BODY = YES;
				CLANG_WARN_ENUM_CONVERSION = YES;
				CLANG_WARN_INFINITE_RECURSION = YES;
				CLANG_WARN_INT_CONVERSION = YES;
				CLANG_WARN_NON_LITERAL_NULL_CONVERSION = YES;
				CLANG_WARN_OBJC_IMPLICIT_RETAIN_SELF = YES;
				CLANG_WARN_OBJC_LITERAL_CONVERSION = YES;
				CLANG_WARN_OBJC_ROOT_CLASS = YES_ERROR;
				CLANG_WARN_QUOTED_INCLUDE_IN_FRAMEWORK_HEADER = YES;
				CLANG_WARN_RANGE_LOOP_ANALYSIS = YES;
				CLANG_WARN_STRICT_PROTOTYPES = YES;
				CLANG_WARN_SUSPICIOUS_MOVE = YES;
				CLANG_WARN_UNGUARDED_AVAILABILITY = YES_AGGRESSIVE;
				CLANG_WARN_UNREACHABLE_CODE = YES;
				CLANG_WARN__DUPLICATE_METHOD_MATCH = YES;
				COPY_PHASE_STRIP = NO;
				DEBUG_INFORMATION_FORMAT = dwarf;
				ENABLE_STRICT_OBJC_MSGSEND = YES;
				ENABLE_TESTABILITY = YES;
				ENABLE_USER_SCRIPT_SANDBOXING = YES;
				GCC_C_LANGUAGE_STANDARD = gnu11;
				GCC_DYNAMIC_NO_PIC = NO;
				GCC_NO_COMMON_BLOCKS = YES;
				GCC_OPTIMIZATION_LEVEL = 0;
				GCC_PREPROCESSOR_DEFINITIONS = (
					"$(inherited)",
					"DEBUG=1",
				);
				GCC_TREAT_WARNINGS_AS_ERRORS = YES;
				GCC_WARN_64_TO_32_BIT_CONVERSION = YES;
				GCC_WARN_ABOUT_RETURN_TYPE = YES_ERROR;
				GCC_WARN_UNDECLARED_SELECTOR = YES;
				GCC_WARN_UNINITIALIZED_AUTOS = YES_AGGRESSIVE;
				GCC_WARN_UNUSED_FUNCTION = YES;
				GCC_WARN_UNUSED_VARIABLE = YES;
				IPHONEOS_DEPLOYMENT_TARGET = 26.0;
				MTL_ENABLE_DEBUG_INFO = INCLUDE_SOURCE;
				MTL_FAST_MATH = YES;
				ONLY_ACTIVE_ARCH = YES;
				PRODUCT_NAME = "$(TARGET_NAME)";
				SDKROOT = iphoneos;
				STRING_CATALOG_GENERATE_SYMBOLS = YES;
				SWIFT_ACTIVE_COMPILATION_CONDITIONS = DEBUG;
				SWIFT_OPTIMIZATION_LEVEL = "-Onone";
				SWIFT_STRICT_CONCURRENCY = complete;
				SWIFT_TREAT_WARNINGS_AS_ERRORS = YES;
				SWIFT_VERSION = 6.0;
			};
			name = Debug;
		};
		974A054674D9ED98805BEF73 /* Debug */ = {
			isa = XCBuildConfiguration;
			baseConfigurationReference = 95D4717B378792F9D1AACD67 /* Debug.xcconfig */;
			buildSettings = {
				ASSETCATALOG_COMPILER_APPICON_NAME = AppIcon;
				CODE_SIGN_IDENTITY = "iPhone Developer";
				CODE_SIGN_STYLE = Automatic;
				CURRENT_PROJECT_VERSION = 1;
				DEVELOPMENT_TEAM = 5AF2LBU5A3;
				GENERATE_INFOPLIST_FILE = NO;
				INFOPLIST_FILE = Configs/Info.plist;
				LD_RUNPATH_SEARCH_PATHS = (
					"$(inherited)",
					"@executable_path/Frameworks",
				);
				MARKETING_VERSION = 0.1.0;
				PRODUCT_BUNDLE_IDENTIFIER = dev.abdirahmanmohamed.mangabaka;
				PRODUCT_NAME = MangaBaka;
				SDKROOT = iphoneos;
				TARGETED_DEVICE_FAMILY = 1;
			};
			name = Debug;
		};
		A8A8917C9AF1EF8960F4F793 /* Release */ = {
			isa = XCBuildConfiguration;
			buildSettings = {
				BUNDLE_LOADER = "$(TEST_HOST)";
				GENERATE_INFOPLIST_FILE = YES;
				LD_RUNPATH_SEARCH_PATHS = (
					"$(inherited)",
					"@executable_path/Frameworks",
					"@loader_path/Frameworks",
				);
				PRODUCT_BUNDLE_IDENTIFIER = dev.abdirahmanmohamed.mangabaka.tests;
				SDKROOT = iphoneos;
				TARGETED_DEVICE_FAMILY = "1,2";
				TEST_HOST = "$(BUILT_PRODUCTS_DIR)/MangaBaka.app/MangaBaka";
			};
			name = Release;
		};
		B1EEFCC830B00B3CCEDE6D82 /* Release */ = {
			isa = XCBuildConfiguration;
			buildSettings = {
				ALWAYS_SEARCH_USER_PATHS = NO;
				CLANG_ANALYZER_NONNULL = YES;
				CLANG_ANALYZER_NUMBER_OBJECT_CONVERSION = YES_AGGRESSIVE;
				CLANG_CXX_LANGUAGE_STANDARD = "gnu++14";
				CLANG_CXX_LIBRARY = "libc++";
				CLANG_ENABLE_MODULES = YES;
				CLANG_ENABLE_OBJC_ARC = YES;
				CLANG_ENABLE_OBJC_WEAK = YES;
				CLANG_WARN_BLOCK_CAPTURE_AUTORELEASING = YES;
				CLANG_WARN_BOOL_CONVERSION = YES;
				CLANG_WARN_COMMA = YES;
				CLANG_WARN_CONSTANT_CONVERSION = YES;
				CLANG_WARN_DEPRECATED_OBJC_IMPLEMENTATIONS = YES;
				CLANG_WARN_DIRECT_OBJC_ISA_USAGE = YES_ERROR;
				CLANG_WARN_DOCUMENTATION_COMMENTS = YES;
				CLANG_WARN_EMPTY_BODY = YES;
				CLANG_WARN_ENUM_CONVERSION = YES;
				CLANG_WARN_INFINITE_RECURSION = YES;
				CLANG_WARN_INT_CONVERSION = YES;
				CLANG_WARN_NON_LITERAL_NULL_CONVERSION = YES;
				CLANG_WARN_OBJC_IMPLICIT_RETAIN_SELF = YES;
				CLANG_WARN_OBJC_LITERAL_CONVERSION = YES;
				CLANG_WARN_OBJC_ROOT_CLASS = YES_ERROR;
				CLANG_WARN_QUOTED_INCLUDE_IN_FRAMEWORK_HEADER = YES;
				CLANG_WARN_RANGE_LOOP_ANALYSIS = YES;
				CLANG_WARN_STRICT_PROTOTYPES = YES;
				CLANG_WARN_SUSPICIOUS_MOVE = YES;
				CLANG_WARN_UNGUARDED_AVAILABILITY = YES_AGGRESSIVE;
				CLANG_WARN_UNREACHABLE_CODE = YES;
				CLANG_WARN__DUPLICATE_METHOD_MATCH = YES;
				COPY_PHASE_STRIP = NO;
				DEBUG_INFORMATION_FORMAT = "dwarf-with-dsym";
				ENABLE_NS_ASSERTIONS = NO;
				ENABLE_STRICT_OBJC_MSGSEND = YES;
				ENABLE_USER_SCRIPT_SANDBOXING = YES;
				GCC_C_LANGUAGE_STANDARD = gnu11;
				GCC_NO_COMMON_BLOCKS = YES;
				GCC_TREAT_WARNINGS_AS_ERRORS = YES;
				GCC_WARN_64_TO_32_BIT_CONVERSION = YES;
				GCC_WARN_ABOUT_RETURN_TYPE = YES_ERROR;
				GCC_WARN_UNDECLARED_SELECTOR = YES;
				GCC_WARN_UNINITIALIZED_AUTOS = YES_AGGRESSIVE;
				GCC_WARN_UNUSED_FUNCTION = YES;
				GCC_WARN_UNUSED_VARIABLE = YES;
				IPHONEOS_DEPLOYMENT_TARGET = 26.0;
				MTL_ENABLE_DEBUG_INFO = NO;
				MTL_FAST_MATH = YES;
				PRODUCT_NAME = "$(TARGET_NAME)";
				SDKROOT = iphoneos;
				STRING_CATALOG_GENERATE_SYMBOLS = YES;
				SWIFT_COMPILATION_MODE = wholemodule;
				SWIFT_OPTIMIZATION_LEVEL = "-O";
				SWIFT_STRICT_CONCURRENCY = complete;
				SWIFT_TREAT_WARNINGS_AS_ERRORS = YES;
				SWIFT_VERSION = 6.0;
			};
			name = Release;
		};
/* End XCBuildConfiguration section */

/* Begin XCConfigurationList section */
		041F1BBE7C5B046C32161332 /* Build configuration list for PBXNativeTarget "MangaBaka" */ = {
			isa = XCConfigurationList;
			buildConfigurations = (
				974A054674D9ED98805BEF73 /* Debug */,
				76E798A48DA325D4B0E1BD2B /* Release */,
			);
			defaultConfigurationIsVisible = 0;
			defaultConfigurationName = Debug;
		};
		33E15DCF088D861F52004311 /* Build configuration list for PBXNativeTarget "MangaBakaTests" */ = {
			isa = XCConfigurationList;
			buildConfigurations = (
				34C39D6D78897AAE8244343C /* Debug */,
				A8A8917C9AF1EF8960F4F793 /* Release */,
			);
			defaultConfigurationIsVisible = 0;
			defaultConfigurationName = Debug;
		};
		CFDE0D2DF659C51B46839ABD /* Build configuration list for PBXProject "MangaBaka" */ = {
			isa = XCConfigurationList;
			buildConfigurations = (
				85F6AE3F0B59ADB5B1DEF9C7 /* Debug */,
				B1EEFCC830B00B3CCEDE6D82 /* Release */,
			);
			defaultConfigurationIsVisible = 0;
			defaultConfigurationName = Debug;
		};
/* End XCConfigurationList section */

/* Begin XCRemoteSwiftPackageReference section */
		BB1FCEF8706B6C61C84BD2C8 /* XCRemoteSwiftPackageReference "GRDB.swift" */ = {
			isa = XCRemoteSwiftPackageReference;
			repositoryURL = "https://github.com/groue/GRDB.swift";
			requirement = {
				kind = upToNextMajorVersion;
				minimumVersion = 7.0.0;
			};
		};
/* End XCRemoteSwiftPackageReference section */

/* Begin XCSwiftPackageProductDependency section */
		6D13144E0F22A479D2873FDA /* GRDB */ = {
			isa = XCSwiftPackageProductDependency;
			package = BB1FCEF8706B6C61C84BD2C8 /* XCRemoteSwiftPackageReference "GRDB.swift" */;
			productName = GRDB;
		};
/* End XCSwiftPackageProductDependency section */
	};
	rootObject = 5BC8B5608F4EF21D2EB7EF42 /* Project object */;
}
